
Microsoft Visual Studio Solution File, Format Version 12.00
# Visual Studio Version 16
VisualStudioVersion = 16.0.810.0
MinimumVisualStudioVersion = 10.0.40219.1
Project("{FAE04EC0-301F-11D3-BF4B-00C04F79EFBC}") = "AspNetCoreTodo", "AspNetCoreTodo.csproj", "{46DDAAD8-ACA8-450F-B8BF-2759BD080D85}"
EndProject
Global
	GlobalSection(SolutionConfigurationPlatforms) = preSolution
		Debug|Any CPU = Debug|Any CPU
		Release|Any CPU = Release|Any CPU
	EndGlobalSection
	GlobalSection(ProjectConfigurationPlatforms) = postSolution
		{46DDAAD8-ACA8-450F-B8BF-2759BD080D85}.Debug|Any CPU.ActiveCfg = Debug|Any CPU
		{46DDAAD8-ACA8-450F-B8BF-2759BD080D85}.Debug|Any CPU.Build.0 = Debug|Any CPU
		{46DDAAD8-ACA8-450F-B8BF-2759BD080D85}.Release|Any CPU.ActiveCfg = Release|Any CPU
		{46DDAAD8-ACA8-450F-B8BF-2759BD080D85}.Release|Any CPU.Build.0 = Release|Any CPU
	EndGlobalSection
	GlobalSection(SolutionProperties) = preSolution
		HideSolutionNode = FALSE
	EndGlobalSection
	GlobalSection(ExtensibilityGlobals) = postSolution
		SolutionGuid = {54B448B0-9512-4E27-BA24-293B6FD4D733}
	EndGlobalSection
EndGlobal
